
Microsoft Visual Studio Solution File, Format Version 12.00
# Visual Studio Version 16
VisualStudioVersion = 16.0.28803.202
MinimumVisualStudioVersion = 10.0.40219.1
Project("{FAE04EC0-301F-11D3-BF4B-00C04F79EFBC}") = "KK_Ahegao", "KK_Ahegao.csproj", "{47CBE136-2ED4-4BB0-B18B-0A448EA6BC18}"
EndProject
Global
	GlobalSection(SolutionConfigurationPlatforms) = preSolution
		Debug|Any CPU = Debug|Any CPU
		Release|Any CPU = Release|Any CPU
	EndGlobalSection
	GlobalSection(ProjectConfigurationPlatforms) = postSolution
		{47CBE136-2ED4-4BB0-B18B-0A448EA6BC18}.Debug|Any CPU.ActiveCfg = Debug|Any CPU
		{47CBE136-2ED4-4BB0-B18B-0A448EA6BC18}.Debug|Any CPU.Build.0 = Debug|Any CPU
		{47CBE136-2ED4-4BB0-B18B-0A448EA6BC18}.Release|Any CPU.ActiveCfg = Release|Any CPU
		{47CBE136-2ED4-4BB0-B18B-0A448EA6BC18}.Release|Any CPU.Build.0 = Release|Any CPU
	EndGlobalSection
	GlobalSection(SolutionProperties) = preSolution
		HideSolutionNode = FALSE
	EndGlobalSection
	GlobalSection(ExtensibilityGlobals) = postSolution
		SolutionGuid = {1E176D2E-F5B3-4E67-8147-2033B8A0F382}
	EndGlobalSection
EndGlobal
